
Microsoft Visual Studio Solution File, Format Version 12.00
# Visual Studio Version 17
VisualStudioVersion = 17.2.32526.322
MinimumVisualStudioVersion = 10.0.40219.1
Project("{FAE04EC0-301F-11D3-BF4B-00C04F79EFBC}") = "Parser_Ucoin", "Parser_Ucoin\Parser_Ucoin.csproj", "{C321178D-AF8B-40A5-A99F-CB3793516FBF}"
EndProject
Global
	GlobalSection(SolutionConfigurationPlatforms) = preSolution
		Debug|Any CPU = Debug|Any CPU
		Release|Any CPU = Release|Any CPU
	EndGlobalSection
	GlobalSection(ProjectConfigurationPlatforms) = postSolution
		{C321178D-AF8B-40A5-A99F-CB3793516FBF}.Debug|Any CPU.ActiveCfg = Debug|Any CPU
		{C321178D-AF8B-40A5-A99F-CB3793516FBF}.Debug|Any CPU.Build.0 = Debug|Any CPU
		{C321178D-AF8B-40A5-A99F-CB3793516FBF}.Release|Any CPU.ActiveCfg = Release|Any CPU
		{C321178D-AF8B-40A5-A99F-CB3793516FBF}.Release|Any CPU.Build.0 = Release|Any CPU
	EndGlobalSection
	GlobalSection(SolutionProperties) = preSolution
		HideSolutionNode = FALSE
	EndGlobalSection
	GlobalSection(ExtensibilityGlobals) = postSolution
		SolutionGuid = {09F88815-F1B3-442D-BF19-8CFC3D41200D}
	EndGlobalSection
EndGlobal
